// !$*UTF8*$!
{
	archiveVersion = 1;
	classes = {
	};
	objectVersion = 46;
	objects = {

/* Begin PBXBuildFile section */
		C2C1E37514DEDD630047737B /* noise.png in Resources */ = {isa = PBXBuildFile; fileRef = C2C1E37414DEDD630047737B /* noise.png */; };
		C2C1E37814DEDDB60047737B /* YLBackgroundView.m in Sources */ = {isa = PBXBuildFile; fileRef = C2C1E37714DEDDB60047737B /* YLBackgroundView.m */; };
		C2D59EFB14DED6B9009394A0 /* UIKit.framework in Frameworks */ = {isa = PBXBuildFile; fileRef = C2D59EFA14DED6B9009394A0 /* UIKit.framework */; };
		C2D59EFD14DED6B9009394A0 /* Foundation.framework in Frameworks */ = {isa = PBXBuildFile; fileRef = C2D59EFC14DED6B9009394A0 /* Foundation.framework */; };
		C2D59EFF14DED6B9009394A0 /* CoreGraphics.framework in Frameworks */ = {isa = PBXBuildFile; fileRef = C2D59EFE14DED6B9009394A0 /* CoreGraphics.framework */; };
		C2D59F0514DED6B9009394A0 /* InfoPlist.strings in Resources */ = {isa = PBXBuildFile; fileRef = C2D59F0314DED6B9009394A0 /* InfoPlist.strings */; };
		C2D59F0714DED6B9009394A0 /* main.m in Sources */ = {isa = PBXBuildFile; fileRef = C2D59F0614DED6B9009394A0 /* main.m */; };
		C2D59F0B14DED6B9009394A0 /* YLAppDelegate.m in Sources */ = {isa = PBXBuildFile; fileRef = C2D59F0A14DED6B9009394A0 /* YLAppDelegate.m */; };
		C2D59F0E14DED6B9009394A0 /* YLViewController.m in Sources */ = {isa = PBXBuildFile; fileRef = C2D59F0D14DED6B9009394A0 /* YLViewController.m */; };
		C2D59F1114DED6B9009394A0 /* YLViewController_iPhone.xib in Resources */ = {isa = PBXBuildFile; fileRef = C2D59F0F14DED6B9009394A0 /* YLViewController_iPhone.xib */; };
		C2D59F1414DED6B9009394A0 /* YLViewController_iPad.xib in Resources */ = {isa = PBXBuildFile; fileRef = C2D59F1214DED6B9009394A0 /* YLViewController_iPad.xib */; };
		F49F762E17988EF00035A8F1 /* Default-568h@2x.png in Resources */ = {isa = PBXBuildFile; fileRef = F49F762D17988EF00035A8F1 /* Default-568h@2x.png */; };
		F49F7638179896760035A8F1 /* YLProgressBar.m in Sources */ = {isa = PBXBuildFile; fileRef = F49F7637179896760035A8F1 /* YLProgressBar.m */; };
/* End PBXBuildFile section */

/* Begin PBXFileReference section */
		C2C1E37414DEDD630047737B /* noise.png */ = {isa = PBXFileReference; lastKnownFileType = image.png; path = noise.png; sourceTree = "<group>"; };
		C2C1E37614DEDDB60047737B /* YLBackgroundView.h */ = {isa = PBXFileReference; fileEncoding = 4; lastKnownFileType = sourcecode.c.h; path = YLBackgroundView.h; sourceTree = "<group>"; };
		C2C1E37714DEDDB60047737B /* YLBackgroundView.m */ = {isa = PBXFileReference; fileEncoding = 4; lastKnownFileType = sourcecode.c.objc; path = YLBackgroundView.m; sourceTree = "<group>"; };
		C2D59EF614DED6B9009394A0 /* YLProgressBarSample.app */ = {isa = PBXFileReference; explicitFileType = wrapper.application; includeInIndex = 0; path = YLProgressBarSample.app; sourceTree = BUILT_PRODUCTS_DIR; };
		C2D59EFA14DED6B9009394A0 /* UIKit.framework */ = {isa = PBXFileReference; lastKnownFileType = wrapper.framework; name = UIKit.framework; path = System/Library/Frameworks/UIKit.framework; sourceTree = SDKROOT; };
		C2D59EFC14DED6B9009394A0 /* Foundation.framework */ = {isa = PBXFileReference; lastKnownFileType = wrapper.framework; name = Foundation.framework; path = System/Library/Frameworks/Foundation.framework; sourceTree = SDKROOT; };
		C2D59EFE14DED6B9009394A0 /* CoreGraphics.framework */ = {isa = PBXFileReference; lastKnownFileType = wrapper.framework; name = CoreGraphics.framework; path = System/Library/Frameworks/CoreGraphics.framework; sourceTree = SDKROOT; };
		C2D59F0214DED6B9009394A0 /* YLProgressBarSample-Info.plist */ = {isa = PBXFileReference; lastKnownFileType = text.plist.xml; path = "YLProgressBarSample-Info.plist"; sourceTree = "<group>"; };
		C2D59F0414DED6B9009394A0 /* en */ = {isa = PBXFileReference; lastKnownFileType = text.plist.strings; name = en; path = en.lproj/InfoPlist.strings; sourceTree = "<group>"; };
		C2D59F0614DED6B9009394A0 /* main.m */ = {isa = PBXFileReference; lastKnownFileType = sourcecode.c.objc; path = main.m; sourceTree = "<group>"; };
		C2D59F0814DED6B9009394A0 /* YLProgressBarSample-Prefix.pch */ = {isa = PBXFileReference; lastKnownFileType = sourcecode.c.h; path = "YLProgressBarSample-Prefix.pch"; sourceTree = "<group>"; };
		C2D59F0914DED6B9009394A0 /* YLAppDelegate.h */ = {isa = PBXFileReference; lastKnownFileType = sourcecode.c.h; path = YLAppDelegate.h; sourceTree = "<group>"; };
		C2D59F0A14DED6B9009394A0 /* YLAppDelegate.m */ = {isa = PBXFileReference; lastKnownFileType = sourcecode.c.objc; path = YLAppDelegate.m; sourceTree = "<group>"; };
		C2D59F0C14DED6B9009394A0 /* YLViewController.h */ = {isa = PBXFileReference; lastKnownFileType = sourcecode.c.h; path = YLViewController.h; sourceTree = "<group>"; };
		C2D59F0D14DED6B9009394A0 /* YLViewController.m */ = {isa = PBXFileReference; lastKnownFileType = sourcecode.c.objc; path = YLViewController.m; sourceTree = "<group>"; };
		C2D59F1014DED6B9009394A0 /* en */ = {isa = PBXFileReference; lastKnownFileType = file.xib; name = en; path = en.lproj/YLViewController_iPhone.xib; sourceTree = "<group>"; };
		C2D59F1314DED6B9009394A0 /* en */ = {isa = PBXFileReference; lastKnownFileType = file.xib; name = en; path = en.lproj/YLViewController_iPad.xib; sourceTree = "<group>"; };
		F49F762D17988EF00035A8F1 /* Default-568h@2x.png */ = {isa = PBXFileReference; lastKnownFileType = image.png; path = "Default-568h@2x.png"; sourceTree = "<group>"; };
		F49F7636179896760035A8F1 /* YLProgressBar.h */ = {isa = PBXFileReference; fileEncoding = 4; lastKnownFileType = sourcecode.c.h; path = YLProgressBar.h; sourceTree = "<group>"; };
		F49F7637179896760035A8F1 /* YLProgressBar.m */ = {isa = PBXFileReference; fileEncoding = 4; lastKnownFileType = sourcecode.c.objc; path = YLProgressBar.m; sourceTree = "<group>"; };
/* End PBXFileReference section */

/* Begin PBXFrameworksBuildPhase section */
		C2D59EF314DED6B9009394A0 /* Frameworks */ = {
			isa = PBXFrameworksBuildPhase;
			buildActionMask = 2147483647;
			files = (
				C2D59EFB14DED6B9009394A0 /* UIKit.framework in Frameworks */,
				C2D59EFD14DED6B9009394A0 /* Foundation.framework in Frameworks */,
				C2D59EFF14DED6B9009394A0 /* CoreGraphics.framework in Frameworks */,
			);
			runOnlyForDeploymentPostprocessing = 0;
		};
/* End PBXFrameworksBuildPhase section */

/* Begin PBXGroup section */
		C2C1E36E14DEDB010047737B /* Roots */ = {
			isa = PBXGroup;
			children = (
				C2D59F0114DED6B9009394A0 /* Supporting Files */,
				C2D59F0914DED6B9009394A0 /* YLAppDelegate.h */,
				C2D59F0A14DED6B9009394A0 /* YLAppDelegate.m */,
			);
			name = Roots;
			sourceTree = "<group>";
		};
		C2C1E36F14DEDB280047737B /* Mains */ = {
			isa = PBXGroup;
			children = (
				C2C1E37914DEDDBD0047737B /* Views */,
				C2D59F0C14DED6B9009394A0 /* YLViewController.h */,
				C2D59F0D14DED6B9009394A0 /* YLViewController.m */,
				C2D59F0F14DED6B9009394A0 /* YLViewController_iPhone.xib */,
				C2D59F1214DED6B9009394A0 /* YLViewController_iPad.xib */,
			);
			name = Mains;
			sourceTree = "<group>";
		};
		C2C1E37214DEDD630047737B /* Resources */ = {
			isa = PBXGroup;
			children = (
				C2C1E37314DEDD630047737B /* Images */,
				F49F762D17988EF00035A8F1 /* Default-568h@2x.png */,
			);
			name = Resources;
			path = YLProgressBarSample/Resources;
			sourceTree = "<group>";
		};
		C2C1E37314DEDD630047737B /* Images */ = {
			isa = PBXGroup;
			children = (
				C2C1E37414DEDD630047737B /* noise.png */,
			);
			path = Images;
			sourceTree = "<group>";
		};
		C2C1E37914DEDDBD0047737B /* Views */ = {
			isa = PBXGroup;
			children = (
				C2C1E37614DEDDB60047737B /* YLBackgroundView.h */,
				C2C1E37714DEDDB60047737B /* YLBackgroundView.m */,
			);
			name = Views;
			sourceTree = "<group>";
		};
		C2D59EEB14DED6B8009394A0 = {
			isa = PBXGroup;
			children = (
				F49F7634179896760035A8F1 /* YLProgressBar */,
				C2D59F0014DED6B9009394A0 /* YLProgressBarSample */,
				C2C1E37214DEDD630047737B /* Resources */,
				C2D59EF914DED6B9009394A0 /* Frameworks */,
				C2D59EF714DED6B9009394A0 /* Products */,
			);
			sourceTree = "<group>";
		};
		C2D59EF714DED6B9009394A0 /* Products */ = {
			isa = PBXGroup;
			children = (
				C2D59EF614DED6B9009394A0 /* YLProgressBarSample.app */,
			);
			name = Products;
			sourceTree = "<group>";
		};
		C2D59EF914DED6B9009394A0 /* Frameworks */ = {
			isa = PBXGroup;
			children = (
				C2D59EFA14DED6B9009394A0 /* UIKit.framework */,
				C2D59EFC14DED6B9009394A0 /* Foundation.framework */,
				C2D59EFE14DED6B9009394A0 /* CoreGraphics.framework */,
			);
			name = Frameworks;
			sourceTree = "<group>";
		};
		C2D59F0014DED6B9009394A0 /* YLProgressBarSample */ = {
			isa = PBXGroup;
			children = (
				C2C1E36E14DEDB010047737B /* Roots */,
				C2C1E36F14DEDB280047737B /* Mains */,
			);
			path = YLProgressBarSample;
			sourceTree = "<group>";
		};
		C2D59F0114DED6B9009394A0 /* Supporting Files */ = {
			isa = PBXGroup;
			children = (
				C2D59F0214DED6B9009394A0 /* YLProgressBarSample-Info.plist */,
				C2D59F0314DED6B9009394A0 /* InfoPlist.strings */,
				C2D59F0614DED6B9009394A0 /* main.m */,
				C2D59F0814DED6B9009394A0 /* YLProgressBarSample-Prefix.pch */,
			);
			name = "Supporting Files";
			sourceTree = "<group>";
		};
		F49F7634179896760035A8F1 /* YLProgressBar */ = {
			isa = PBXGroup;
			children = (
				F49F7636179896760035A8F1 /* YLProgressBar.h */,
				F49F7637179896760035A8F1 /* YLProgressBar.m */,
			);
			path = YLProgressBar;
			sourceTree = "<group>";
		};
/* End PBXGroup section */

/* Begin PBXNativeTarget section */
		C2D59EF514DED6B9009394A0 /* YLProgressBarSample */ = {
			isa = PBXNativeTarget;
			buildConfigurationList = C2D59F1714DED6B9009394A0 /* Build configuration list for PBXNativeTarget "YLProgressBarSample" */;
			buildPhases = (
				C2D59EF214DED6B9009394A0 /* Sources */,
				C2D59EF314DED6B9009394A0 /* Frameworks */,
				C2D59EF414DED6B9009394A0 /* Resources */,
			);
			buildRules = (
			);
			dependencies = (
			);
			name = YLProgressBarSample;
			productName = YLProgressBar;
			productReference = C2D59EF614DED6B9009394A0 /* YLProgressBarSample.app */;
			productType = "com.apple.product-type.application";
		};
/* End PBXNativeTarget section */

/* Begin PBXProject section */
		C2D59EED14DED6B8009394A0 /* Project object */ = {
			isa = PBXProject;
			attributes = {
				LastUpgradeCheck = 0610;
				ORGANIZATIONNAME = "Yannick Loriot";
			};
			buildConfigurationList = C2D59EF014DED6B8009394A0 /* Build configuration list for PBXProject "YLProgressBarSample" */;
			compatibilityVersion = "Xcode 3.2";
			developmentRegion = English;
			hasScannedForEncodings = 0;
			knownRegions = (
				en,
			);
			mainGroup = C2D59EEB14DED6B8009394A0;
			productRefGroup = C2D59EF714DED6B9009394A0 /* Products */;
			projectDirPath = "";
			projectRoot = "";
			targets = (
				C2D59EF514DED6B9009394A0 /* YLProgressBarSample */,
			);
		};
/* End PBXProject section */

/* Begin PBXResourcesBuildPhase section */
		C2D59EF414DED6B9009394A0 /* Resources */ = {
			isa = PBXResourcesBuildPhase;
			buildActionMask = 2147483647;
			files = (
				C2D59F0514DED6B9009394A0 /* InfoPlist.strings in Resources */,
				C2D59F1114DED6B9009394A0 /* YLViewController_iPhone.xib in Resources */,
				C2D59F1414DED6B9009394A0 /* YLViewController_iPad.xib in Resources */,
				C2C1E37514DEDD630047737B /* noise.png in Resources */,
				F49F762E17988EF00035A8F1 /* Default-568h@2x.png in Resources */,
			);
			runOnlyForDeploymentPostprocessing = 0;
		};
/* End PBXResourcesBuildPhase section */

/* Begin PBXSourcesBuildPhase section */
		C2D59EF214DED6B9009394A0 /* Sources */ = {
			isa = PBXSourcesBuildPhase;
			buildActionMask = 2147483647;
			files = (
				C2D59F0714DED6B9009394A0 /* main.m in Sources */,
				C2D59F0B14DED6B9009394A0 /* YLAppDelegate.m in Sources */,
				C2D59F0E14DED6B9009394A0 /* YLViewController.m in Sources */,
				C2C1E37814DEDDB60047737B /* YLBackgroundView.m in Sources */,
				F49F7638179896760035A8F1 /* YLProgressBar.m in Sources */,
			);
			runOnlyForDeploymentPostprocessing = 0;
		};
/* End PBXSourcesBuildPhase section */

/* Begin PBXVariantGroup section */
		C2D59F0314DED6B9009394A0 /* InfoPlist.strings */ = {
			isa = PBXVariantGroup;
			children = (
				C2D59F0414DED6B9009394A0 /* en */,
			);
			name = InfoPlist.strings;
			sourceTree = "<group>";
		};
		C2D59F0F14DED6B9009394A0 /* YLViewController_iPhone.xib */ = {
			isa = PBXVariantGroup;
			children = (
				C2D59F1014DED6B9009394A0 /* en */,
			);
			name = YLViewController_iPhone.xib;
			sourceTree = "<group>";
		};
		C2D59F1214DED6B9009394A0 /* YLViewController_iPad.xib */ = {
			isa = PBXVariantGroup;
			children = (
				C2D59F1314DED6B9009394A0 /* en */,
			);
			name = YLViewController_iPad.xib;
			sourceTree = "<group>";
		};
/* End PBXVariantGroup section */

/* Begin XCBuildConfiguration section */
		C2D59F1514DED6B9009394A0 /* Debug */ = {
			isa = XCBuildConfiguration;
			buildSettings = {
				ALWAYS_SEARCH_USER_PATHS = NO;
				CLANG_WARN_BOOL_CONVERSION = YES;
				CLANG_WARN_CONSTANT_CONVERSION = YES;
				CLANG_WARN_EMPTY_BODY = YES;
				CLANG_WARN_ENUM_CONVERSION = YES;
				CLANG_WARN_INT_CONVERSION = YES;
				CLANG_WARN_UNREACHABLE_CODE = YES;
				CLANG_WARN__DUPLICATE_METHOD_MATCH = YES;
				"CODE_SIGN_IDENTITY[sdk=iphoneos*]" = "iPhone Developer";
				COPY_PHASE_STRIP = NO;
				ENABLE_STRICT_OBJC_MSGSEND = YES;
				GCC_C_LANGUAGE_STANDARD = gnu99;
				GCC_DYNAMIC_NO_PIC = NO;
				GCC_OPTIMIZATION_LEVEL = 0;
				GCC_PREPROCESSOR_DEFINITIONS = (
					"DEBUG=1",
					"$(inherited)",
				);
				GCC_SYMBOLS_PRIVATE_EXTERN = NO;
				GCC_THUMB_SUPPORT = NO;
				GCC_VERSION = com.apple.compilers.llvm.clang.1_0;
				GCC_WARN_64_TO_32_BIT_CONVERSION = YES;
				GCC_WARN_ABOUT_MISSING_PROTOTYPES = YES;
				GCC_WARN_ABOUT_RETURN_TYPE = YES;
				GCC_WARN_UNDECLARED_SELECTOR = YES;
				GCC_WARN_UNINITIALIZED_AUTOS = YES;
				GCC_WARN_UNUSED_FUNCTION = YES;
				GCC_WARN_UNUSED_VARIABLE = YES;
				IPHONEOS_DEPLOYMENT_TARGET = 4.0;
				ONLY_ACTIVE_ARCH = YES;
				SDKROOT = iphoneos;
				TARGETED_DEVICE_FAMILY = "1,2";
			};
			name = Debug;
		};
		C2D59F1614DED6B9009394A0 /* Release */ = {
			isa = XCBuildConfiguration;
			buildSettings = {
				ALWAYS_SEARCH_USER_PATHS = NO;
				CLANG_WARN_BOOL_CONVERSION = YES;
				CLANG_WARN_CONSTANT_CONVERSION = YES;
				CLANG_WARN_EMPTY_BODY = YES;
				CLANG_WARN_ENUM_CONVERSION = YES;
				CLANG_WARN_INT_CONVERSION = YES;
				CLANG_WARN_UNREACHABLE_CODE = YES;
				CLANG_WARN__DUPLICATE_METHOD_MATCH = YES;
				"CODE_SIGN_IDENTITY[sdk=iphoneos*]" = "iPhone Developer";
				COPY_PHASE_STRIP = YES;
				ENABLE_STRICT_OBJC_MSGSEND = YES;
				GCC_C_LANGUAGE_STANDARD = gnu99;
				GCC_THUMB_SUPPORT = NO;
				GCC_VERSION = com.apple.compilers.llvm.clang.1_0;
				GCC_WARN_64_TO_32_BIT_CONVERSION = YES;
				GCC_WARN_ABOUT_MISSING_PROTOTYPES = YES;
				GCC_WARN_ABOUT_RETURN_TYPE = YES;
				GCC_WARN_UNDECLARED_SELECTOR = YES;
				GCC_WARN_UNINITIALIZED_AUTOS = YES;
				GCC_WARN_UNUSED_FUNCTION = YES;
				GCC_WARN_UNUSED_VARIABLE = YES;
				IPHONEOS_DEPLOYMENT_TARGET = 4.0;
				OTHER_CFLAGS = "-DNS_BLOCK_ASSERTIONS=1";
				SDKROOT = iphoneos;
				TARGETED_DEVICE_FAMILY = "1,2";
				VALIDATE_PRODUCT = YES;
			};
			name = Release;
		};
		C2D59F1814DED6B9009394A0 /* Debug */ = {
			isa = XCBuildConfiguration;
			buildSettings = {
				CLANG_ENABLE_OBJC_ARC = YES;
				GCC_PRECOMPILE_PREFIX_HEADER = YES;
				GCC_PREFIX_HEADER = "YLProgressBarSample/YLProgressBarSample-Prefix.pch";
				GCC_THUMB_SUPPORT = NO;
				INFOPLIST_FILE = "YLProgressBarSample/YLProgressBarSample-Info.plist";
				IPHONEOS_DEPLOYMENT_TARGET = 5.0;
				PRODUCT_NAME = YLProgressBarSample;
				WRAPPER_EXTENSION = app;
			};
			name = Debug;
		};
		C2D59F1914DED6B9009394A0 /* Release */ = {
			isa = XCBuildConfiguration;
			buildSettings = {
				CLANG_ENABLE_OBJC_ARC = YES;
				GCC_PRECOMPILE_PREFIX_HEADER = YES;
				GCC_PREFIX_HEADER = "YLProgressBarSample/YLProgressBarSample-Prefix.pch";
				GCC_THUMB_SUPPORT = NO;
				INFOPLIST_FILE = "YLProgressBarSample/YLProgressBarSample-Info.plist";
				IPHONEOS_DEPLOYMENT_TARGET = 5.0;
				PRODUCT_NAME = YLProgressBarSample;
				WRAPPER_EXTENSION = app;
			};
			name = Release;
		};
/* End XCBuildConfiguration section */

/* Begin XCConfigurationList section */
		C2D59EF014DED6B8009394A0 /* Build configuration list for PBXProject "YLProgressBarSample" */ = {
			isa = XCConfigurationList;
			buildConfigurations = (
				C2D59F1514DED6B9009394A0 /* Debug */,
				C2D59F1614DED6B9009394A0 /* Release */,
			);
			defaultConfigurationIsVisible = 0;
			defaultConfigurationName = Release;
		};
		C2D59F1714DED6B9009394A0 /* Build configuration list for PBXNativeTarget "YLProgressBarSample" */ = {
			isa = XCConfigurationList;
			buildConfigurations = (
				C2D59F1814DED6B9009394A0 /* Debug */,
				C2D59F1914DED6B9009394A0 /* Release */,
			);
			defaultConfigurationIsVisible = 0;
			defaultConfigurationName = Release;
		};
/* End XCConfigurationList section */
	};
	rootObject = C2D59EED14DED6B8009394A0 /* Project object */;
}
